
Microsoft Visual Studio Solution File, Format Version 12.00
# Visual Studio Version 17
VisualStudioVersion = 17.3.32901.215
MinimumVisualStudioVersion = 10.0.40219.1
Project("{FAE04EC0-301F-11D3-BF4B-00C04F79EFBC}") = "Mentalist.Monitoring.Pods", "Mentalist.Monitoring.Pods.csproj", "{4DB7E6CE-7CE9-4C31-B168-880F24ECD101}"
EndProject
Global
	GlobalSection(SolutionConfigurationPlatforms) = preSolution
		Debug|Any CPU = Debug|Any CPU
		Release|Any CPU = Release|Any CPU
	EndGlobalSection
	GlobalSection(ProjectConfigurationPlatforms) = postSolution
		{4DB7E6CE-7CE9-4C31-B168-880F24ECD101}.Debug|Any CPU.ActiveCfg = Debug|Any CPU
		{4DB7E6CE-7CE9-4C31-B168-880F24ECD101}.Debug|Any CPU.Build.0 = Debug|Any CPU
		{4DB7E6CE-7CE9-4C31-B168-880F24ECD101}.Release|Any CPU.ActiveCfg = Release|Any CPU
		{4DB7E6CE-7CE9-4C31-B168-880F24ECD101}.Release|Any CPU.Build.0 = Release|Any CPU
	EndGlobalSection
	GlobalSection(SolutionProperties) = preSolution
		HideSolutionNode = FALSE
	EndGlobalSection
	GlobalSection(ExtensibilityGlobals) = postSolution
		SolutionGuid = {60B50CF5-27A3-43F4-8F11-AC38C09BB03C}
	EndGlobalSection
EndGlobal
